// !$*UTF8*$!
{
	archiveVersion = 1;
	classes = {
	};
	objectVersion = 56;
	objects = {

/* Begin PBXBuildFile section */
		8756CB322CF77B2100C03ED0 /* ProfileView.swift in Sources */ = {isa = PBXBuildFile; fileRef = 8756CB312CF77B2100C03ED0 /* ProfileView.swift */; };
		8756CB342CF77BBE00C03ED0 /* MainTabView.swift in Sources */ = {isa = PBXBuildFile; fileRef = 8756CB332CF77BBE00C03ED0 /* MainTabView.swift */; };
		8756CB382CF77BF500C03ED0 /* ListingsView.swift in Sources */ = {isa = PBXBuildFile; fileRef = 8756CB372CF77BF500C03ED0 /* ListingsView.swift */; };
		8756CB3A2CF77C0800C03ED0 /* PostAdView.swift in Sources */ = {isa = PBXBuildFile; fileRef = 8756CB392CF77C0800C03ED0 /* PostAdView.swift */; };
		8756CB3C2CF77C1E00C03ED0 /* StarredView.swift in Sources */ = {isa = PBXBuildFile; fileRef = 8756CB3B2CF77C1E00C03ED0 /* StarredView.swift */; };
		8756CB422CF79FDB00C03ED0 /* AuthViewModel.swift in Sources */ = {isa = PBXBuildFile; fileRef = 8756CB412CF79FDB00C03ED0 /* AuthViewModel.swift */; };
		87B56FD82CF65C6E00F4303E /* RSv1App.swift in Sources */ = {isa = PBXBuildFile; fileRef = 87B56FD72CF65C6E00F4303E /* RSv1App.swift */; };
		87B56FDA2CF65C6E00F4303E /* LoginView.swift in Sources */ = {isa = PBXBuildFile; fileRef = 87B56FD92CF65C6E00F4303E /* LoginView.swift */; };
		87B56FDC2CF65C6F00F4303E /* Assets.xcassets in Resources */ = {isa = PBXBuildFile; fileRef = 87B56FDB2CF65C6F00F4303E /* Assets.xcassets */; };
		87B56FDF2CF65C6F00F4303E /* Preview Assets.xcassets in Resources */ = {isa = PBXBuildFile; fileRef = 87B56FDE2CF65C6F00F4303E /* Preview Assets.xcassets */; };
		87B56FE92CF65C6F00F4303E /* RSv1Tests.swift in Sources */ = {isa = PBXBuildFile; fileRef = 87B56FE82CF65C6F00F4303E /* RSv1Tests.swift */; };
		87B56FF32CF65C6F00F4303E /* RSv1UITests.swift in Sources */ = {isa = PBXBuildFile; fileRef = 87B56FF22CF65C6F00F4303E /* RSv1UITests.swift */; };
		87B56FF52CF65C6F00F4303E /* RSv1UITestsLaunchTests.swift in Sources */ = {isa = PBXBuildFile; fileRef = 87B56FF42CF65C6F00F4303E /* RSv1UITestsLaunchTests.swift */; };
		87B570032CF66BFC00F4303E /* FirebaseAnalytics in Frameworks */ = {isa = PBXBuildFile; productRef = 87B570022CF66BFC00F4303E /* FirebaseAnalytics */; };
		87B570052CF66BFC00F4303E /* FirebaseAuth in Frameworks */ = {isa = PBXBuildFile; productRef = 87B570042CF66BFC00F4303E /* FirebaseAuth */; };
		87B570072CF66BFC00F4303E /* FirebaseCrashlytics in Frameworks */ = {isa = PBXBuildFile; productRef = 87B570062CF66BFC00F4303E /* FirebaseCrashlytics */; };
		87B570092CF66BFC00F4303E /* FirebaseDatabase in Frameworks */ = {isa = PBXBuildFile; productRef = 87B570082CF66BFC00F4303E /* FirebaseDatabase */; };
		87B5700B2CF66BFC00F4303E /* FirebaseFirestore in Frameworks */ = {isa = PBXBuildFile; productRef = 87B5700A2CF66BFC00F4303E /* FirebaseFirestore */; };
		87B5700D2CF66BFC00F4303E /* FirebaseInAppMessaging-Beta in Frameworks */ = {isa = PBXBuildFile; productRef = 87B5700C2CF66BFC00F4303E /* FirebaseInAppMessaging-Beta */; };
		87B5700F2CF66BFC00F4303E /* FirebaseMessaging in Frameworks */ = {isa = PBXBuildFile; productRef = 87B5700E2CF66BFC00F4303E /* FirebaseMessaging */; };
		87B570112CF66BFC00F4303E /* FirebaseStorage in Frameworks */ = {isa = PBXBuildFile; productRef = 87B570102CF66BFC00F4303E /* FirebaseStorage */; };
		87B570152CF66CEB00F4303E /* GoogleService-Info.plist in Resources */ = {isa = PBXBuildFile; fileRef = 87B570142CF66CEB00F4303E /* GoogleService-Info.plist */; };
		87B5701A2CF67F4900F4303E /* AuthView.swift in Sources */ = {isa = PBXBuildFile; fileRef = 87B570192CF67F4900F4303E /* AuthView.swift */; };
		87B5701F2CF6827600F4303E /* SignupView.swift in Sources */ = {isa = PBXBuildFile; fileRef = 87B5701E2CF6827600F4303E /* SignupView.swift */; };
		87B570212CF68FC700F4303E /* Placeholder.swift in Sources */ = {isa = PBXBuildFile; fileRef = 87B570202CF68FC700F4303E /* Placeholder.swift */; };
/* End PBXBuildFile section */

/* Begin PBXContainerItemProxy section */
		87B56FE52CF65C6F00F4303E /* PBXContainerItemProxy */ = {
			isa = PBXContainerItemProxy;
			containerPortal = 87B56FCC2CF65C6E00F4303E /* Project object */;
			proxyType = 1;
			remoteGlobalIDString = 87B56FD32CF65C6E00F4303E;
			remoteInfo = RSv1;
		};
		87B56FEF2CF65C6F00F4303E /* PBXContainerItemProxy */ = {
			isa = PBXContainerItemProxy;
			containerPortal = 87B56FCC2CF65C6E00F4303E /* Project object */;
			proxyType = 1;
			remoteGlobalIDString = 87B56FD32CF65C6E00F4303E;
			remoteInfo = RSv1;
		};
/* End PBXContainerItemProxy section */

/* Begin PBXFileReference section */
		8756CB312CF77B2100C03ED0 /* ProfileView.swift */ = {isa = PBXFileReference; lastKnownFileType = sourcecode.swift; path = ProfileView.swift; sourceTree = "<group>"; };
		8756CB332CF77BBE00C03ED0 /* MainTabView.swift */ = {isa = PBXFileReference; lastKnownFileType = sourcecode.swift; path = MainTabView.swift; sourceTree = "<group>"; };
		8756CB372CF77BF500C03ED0 /* ListingsView.swift */ = {isa = PBXFileReference; lastKnownFileType = sourcecode.swift; path = ListingsView.swift; sourceTree = "<group>"; };
		8756CB392CF77C0800C03ED0 /* PostAdView.swift */ = {isa = PBXFileReference; lastKnownFileType = sourcecode.swift; path = PostAdView.swift; sourceTree = "<group>"; };
		8756CB3B2CF77C1E00C03ED0 /* StarredView.swift */ = {isa = PBXFileReference; lastKnownFileType = sourcecode.swift; path = StarredView.swift; sourceTree = "<group>"; };
		8756CB412CF79FDB00C03ED0 /* AuthViewModel.swift */ = {isa = PBXFileReference; lastKnownFileType = sourcecode.swift; path = AuthViewModel.swift; sourceTree = "<group>"; };
		87B56FD42CF65C6E00F4303E /* RSv1.app */ = {isa = PBXFileReference; explicitFileType = wrapper.application; includeInIndex = 0; path = RSv1.app; sourceTree = BUILT_PRODUCTS_DIR; };
		87B56FD72CF65C6E00F4303E /* RSv1App.swift */ = {isa = PBXFileReference; lastKnownFileType = sourcecode.swift; path = RSv1App.swift; sourceTree = "<group>"; };
		87B56FD92CF65C6E00F4303E /* LoginView.swift */ = {isa = PBXFileReference; lastKnownFileType = sourcecode.swift; path = LoginView.swift; sourceTree = "<group>"; };
		87B56FDB2CF65C6F00F4303E /* Assets.xcassets */ = {isa = PBXFileReference; lastKnownFileType = folder.assetcatalog; path = Assets.xcassets; sourceTree = "<group>"; };
		87B56FDE2CF65C6F00F4303E /* Preview Assets.xcassets */ = {isa = PBXFileReference; lastKnownFileType = folder.assetcatalog; path = "Preview Assets.xcassets"; sourceTree = "<group>"; };
		87B56FE42CF65C6F00F4303E /* RSv1Tests.xctest */ = {isa = PBXFileReference; explicitFileType = wrapper.cfbundle; includeInIndex = 0; path = RSv1Tests.xctest; sourceTree = BUILT_PRODUCTS_DIR; };
		87B56FE82CF65C6F00F4303E /* RSv1Tests.swift */ = {isa = PBXFileReference; lastKnownFileType = sourcecode.swift; path = RSv1Tests.swift; sourceTree = "<group>"; };
		87B56FEE2CF65C6F00F4303E /* RSv1UITests.xctest */ = {isa = PBXFileReference; explicitFileType = wrapper.cfbundle; includeInIndex = 0; path = RSv1UITests.xctest; sourceTree = BUILT_PRODUCTS_DIR; };
		87B56FF22CF65C6F00F4303E /* RSv1UITests.swift */ = {isa = PBXFileReference; lastKnownFileType = sourcecode.swift; path = RSv1UITests.swift; sourceTree = "<group>"; };
		87B56FF42CF65C6F00F4303E /* RSv1UITestsLaunchTests.swift */ = {isa = PBXFileReference; lastKnownFileType = sourcecode.swift; path = RSv1UITestsLaunchTests.swift; sourceTree = "<group>"; };
		87B570142CF66CEB00F4303E /* GoogleService-Info.plist */ = {isa = PBXFileReference; fileEncoding = 4; lastKnownFileType = text.plist.xml; path = "GoogleService-Info.plist"; sourceTree = "<group>"; };
		87B570162CF66DEF00F4303E /* RSv1 Overview & Requirements.md */ = {isa = PBXFileReference; lastKnownFileType = net.daringfireball.markdown; path = "RSv1 Overview & Requirements.md"; sourceTree = "<group>"; };
		87B570192CF67F4900F4303E /* AuthView.swift */ = {isa = PBXFileReference; lastKnownFileType = sourcecode.swift; path = AuthView.swift; sourceTree = "<group>"; };
		87B5701E2CF6827600F4303E /* SignupView.swift */ = {isa = PBXFileReference; lastKnownFileType = sourcecode.swift; path = SignupView.swift; sourceTree = "<group>"; };
		87B570202CF68FC700F4303E /* Placeholder.swift */ = {isa = PBXFileReference; lastKnownFileType = sourcecode.swift; path = Placeholder.swift; sourceTree = "<group>"; };
		87B570222CF6A45100F4303E /* KnowldgeTransfer.md */ = {isa = PBXFileReference; lastKnownFileType = net.daringfireball.markdown; path = KnowldgeTransfer.md; sourceTree = "<group>"; };
/* End PBXFileReference section */

/* Begin PBXFrameworksBuildPhase section */
		87B56FD12CF65C6E00F4303E /* Frameworks */ = {
			isa = PBXFrameworksBuildPhase;
			buildActionMask = 2147483647;
			files = (
				87B570072CF66BFC00F4303E /* FirebaseCrashlytics in Frameworks */,
				87B570032CF66BFC00F4303E /* FirebaseAnalytics in Frameworks */,
				87B5700F2CF66BFC00F4303E /* FirebaseMessaging in Frameworks */,
				87B570092CF66BFC00F4303E /* FirebaseDatabase in Frameworks */,
				87B5700B2CF66BFC00F4303E /* FirebaseFirestore in Frameworks */,
				87B570112CF66BFC00F4303E /* FirebaseStorage in Frameworks */,
				87B570052CF66BFC00F4303E /* FirebaseAuth in Frameworks */,
				87B5700D2CF66BFC00F4303E /* FirebaseInAppMessaging-Beta in Frameworks */,
			);
			runOnlyForDeploymentPostprocessing = 0;
		};
		87B56FE12CF65C6F00F4303E /* Frameworks */ = {
			isa = PBXFrameworksBuildPhase;
			buildActionMask = 2147483647;
			files = (
			);
			runOnlyForDeploymentPostprocessing = 0;
		};
		87B56FEB2CF65C6F00F4303E /* Frameworks */ = {
			isa = PBXFrameworksBuildPhase;
			buildActionMask = 2147483647;
			files = (
			);
			runOnlyForDeploymentPostprocessing = 0;
		};
/* End PBXFrameworksBuildPhase section */

/* Begin PBXGroup section */
		87B56FCB2CF65C6E00F4303E = {
			isa = PBXGroup;
			children = (
				87B56FD62CF65C6E00F4303E /* RSv1 */,
				87B56FE72CF65C6F00F4303E /* RSv1Tests */,
				87B56FF12CF65C6F00F4303E /* RSv1UITests */,
				87B56FD52CF65C6E00F4303E /* Products */,
			);
			sourceTree = "<group>";
		};
		87B56FD52CF65C6E00F4303E /* Products */ = {
			isa = PBXGroup;
			children = (
				87B56FD42CF65C6E00F4303E /* RSv1.app */,
				87B56FE42CF65C6F00F4303E /* RSv1Tests.xctest */,
				87B56FEE2CF65C6F00F4303E /* RSv1UITests.xctest */,
			);
			name = Products;
			sourceTree = "<group>";
		};
		87B56FD62CF65C6E00F4303E /* RSv1 */ = {
			isa = PBXGroup;
			children = (
				87B570162CF66DEF00F4303E /* RSv1 Overview & Requirements.md */,
				87B570222CF6A45100F4303E /* KnowldgeTransfer.md */,
				87B570142CF66CEB00F4303E /* GoogleService-Info.plist */,
				87B56FD72CF65C6E00F4303E /* RSv1App.swift */,
				8756CB412CF79FDB00C03ED0 /* AuthViewModel.swift */,
				8756CB3B2CF77C1E00C03ED0 /* StarredView.swift */,
				8756CB392CF77C0800C03ED0 /* PostAdView.swift */,
				8756CB372CF77BF500C03ED0 /* ListingsView.swift */,
				8756CB332CF77BBE00C03ED0 /* MainTabView.swift */,
				8756CB312CF77B2100C03ED0 /* ProfileView.swift */,
				87B570202CF68FC700F4303E /* Placeholder.swift */,
				87B5701E2CF6827600F4303E /* SignupView.swift */,
				87B56FD92CF65C6E00F4303E /* LoginView.swift */,
				87B570192CF67F4900F4303E /* AuthView.swift */,
				87B56FDB2CF65C6F00F4303E /* Assets.xcassets */,
				87B56FDD2CF65C6F00F4303E /* Preview Content */,
			);
			path = RSv1;
			sourceTree = "<group>";
		};
		87B56FDD2CF65C6F00F4303E /* Preview Content */ = {
			isa = PBXGroup;
			children = (
				87B56FDE2CF65C6F00F4303E /* Preview Assets.xcassets */,
			);
			path = "Preview Content";
			sourceTree = "<group>";
		};
		87B56FE72CF65C6F00F4303E /* RSv1Tests */ = {
			isa = PBXGroup;
			children = (
				87B56FE82CF65C6F00F4303E /* RSv1Tests.swift */,
			);
			path = RSv1Tests;
			sourceTree = "<group>";
		};
		87B56FF12CF65C6F00F4303E /* RSv1UITests */ = {
			isa = PBXGroup;
			children = (
				87B56FF22CF65C6F00F4303E /* RSv1UITests.swift */,
				87B56FF42CF65C6F00F4303E /* RSv1UITestsLaunchTests.swift */,
			);
			path = RSv1UITests;
			sourceTree = "<group>";
		};
/* End PBXGroup section */

/* Begin PBXNativeTarget section */
		87B56FD32CF65C6E00F4303E /* RSv1 */ = {
			isa = PBXNativeTarget;
			buildConfigurationList = 87B56FF82CF65C6F00F4303E /* Build configuration list for PBXNativeTarget "RSv1" */;
			buildPhases = (
				87B56FD02CF65C6E00F4303E /* Sources */,
				87B56FD12CF65C6E00F4303E /* Frameworks */,
				87B56FD22CF65C6E00F4303E /* Resources */,
			);
			buildRules = (
			);
			dependencies = (
			);
			name = RSv1;
			packageProductDependencies = (
				87B570022CF66BFC00F4303E /* FirebaseAnalytics */,
				87B570042CF66BFC00F4303E /* FirebaseAuth */,
				87B570062CF66BFC00F4303E /* FirebaseCrashlytics */,
				87B570082CF66BFC00F4303E /* FirebaseDatabase */,
				87B5700A2CF66BFC00F4303E /* FirebaseFirestore */,
				87B5700C2CF66BFC00F4303E /* FirebaseInAppMessaging-Beta */,
				87B5700E2CF66BFC00F4303E /* FirebaseMessaging */,
				87B570102CF66BFC00F4303E /* FirebaseStorage */,
			);
			productName = RSv1;
			productReference = 87B56FD42CF65C6E00F4303E /* RSv1.app */;
			productType = "com.apple.product-type.application";
		};
		87B56FE32CF65C6F00F4303E /* RSv1Tests */ = {
			isa = PBXNativeTarget;
			buildConfigurationList = 87B56FFB2CF65C6F00F4303E /* Build configuration list for PBXNativeTarget "RSv1Tests" */;
			buildPhases = (
				87B56FE02CF65C6F00F4303E /* Sources */,
				87B56FE12CF65C6F00F4303E /* Frameworks */,
				87B56FE22CF65C6F00F4303E /* Resources */,
			);
			buildRules = (
			);
			dependencies = (
				87B56FE62CF65C6F00F4303E /* PBXTargetDependency */,
			);
			name = RSv1Tests;
			productName = RSv1Tests;
			productReference = 87B56FE42CF65C6F00F4303E /* RSv1Tests.xctest */;
			productType = "com.apple.product-type.bundle.unit-test";
		};
		87B56FED2CF65C6F00F4303E /* RSv1UITests */ = {
			isa = PBXNativeTarget;
			buildConfigurationList = 87B56FFE2CF65C6F00F4303E /* Build configuration list for PBXNativeTarget "RSv1UITests" */;
			buildPhases = (
				87B56FEA2CF65C6F00F4303E /* Sources */,
				87B56FEB2CF65C6F00F4303E /* Frameworks */,
				87B56FEC2CF65C6F00F4303E /* Resources */,
			);
			buildRules = (
			);
			dependencies = (
				87B56FF02CF65C6F00F4303E /* PBXTargetDependency */,
			);
			name = RSv1UITests;
			productName = RSv1UITests;
			productReference = 87B56FEE2CF65C6F00F4303E /* RSv1UITests.xctest */;
			productType = "com.apple.product-type.bundle.ui-testing";
		};
/* End PBXNativeTarget section */

/* Begin PBXProject section */
		87B56FCC2CF65C6E00F4303E /* Project object */ = {
			isa = PBXProject;
			attributes = {
				BuildIndependentTargetsInParallel = 1;
				LastSwiftUpdateCheck = 1540;
				LastUpgradeCheck = 1610;
				TargetAttributes = {
					87B56FD32CF65C6E00F4303E = {
						CreatedOnToolsVersion = 15.4;
					};
					87B56FE32CF65C6F00F4303E = {
						CreatedOnToolsVersion = 15.4;
						TestTargetID = 87B56FD32CF65C6E00F4303E;
					};
					87B56FED2CF65C6F00F4303E = {
						CreatedOnToolsVersion = 15.4;
						TestTargetID = 87B56FD32CF65C6E00F4303E;
					};
				};
			};
			buildConfigurationList = 87B56FCF2CF65C6E00F4303E /* Build configuration list for PBXProject "RSv1" */;
			compatibilityVersion = "Xcode 14.0";
			developmentRegion = en;
			hasScannedForEncodings = 0;
			knownRegions = (
				en,
				Base,
			);
			mainGroup = 87B56FCB2CF65C6E00F4303E;
			packageReferences = (
				87B570012CF66BFC00F4303E /* XCRemoteSwiftPackageReference "firebase-ios-sdk" */,
			);
			productRefGroup = 87B56FD52CF65C6E00F4303E /* Products */;
			projectDirPath = "";
			projectRoot = "";
			targets = (
				87B56FD32CF65C6E00F4303E /* RSv1 */,
				87B56FE32CF65C6F00F4303E /* RSv1Tests */,
				87B56FED2CF65C6F00F4303E /* RSv1UITests */,
			);
		};
/* End PBXProject section */

/* Begin PBXResourcesBuildPhase section */
		87B56FD22CF65C6E00F4303E /* Resources */ = {
			isa = PBXResourcesBuildPhase;
			buildActionMask = 2147483647;
			files = (
				87B56FDF2CF65C6F00F4303E /* Preview Assets.xcassets in Resources */,
				87B56FDC2CF65C6F00F4303E /* Assets.xcassets in Resources */,
				87B570152CF66CEB00F4303E /* GoogleService-Info.plist in Resources */,
			);
			runOnlyForDeploymentPostprocessing = 0;
		};
		87B56FE22CF65C6F00F4303E /* Resources */ = {
			isa = PBXResourcesBuildPhase;
			buildActionMask = 2147483647;
			files = (
			);
			runOnlyForDeploymentPostprocessing = 0;
		};
		87B56FEC2CF65C6F00F4303E /* Resources */ = {
			isa = PBXResourcesBuildPhase;
			buildActionMask = 2147483647;
			files = (
			);
			runOnlyForDeploymentPostprocessing = 0;
		};
/* End PBXResourcesBuildPhase section */

/* Begin PBXSourcesBuildPhase section */
		87B56FD02CF65C6E00F4303E /* Sources */ = {
			isa = PBXSourcesBuildPhase;
			buildActionMask = 2147483647;
			files = (
				87B5701F2CF6827600F4303E /* SignupView.swift in Sources */,
				8756CB3A2CF77C0800C03ED0 /* PostAdView.swift in Sources */,
				87B570212CF68FC700F4303E /* Placeholder.swift in Sources */,
				87B56FDA2CF65C6E00F4303E /* LoginView.swift in Sources */,
				87B5701A2CF67F4900F4303E /* AuthView.swift in Sources */,
				8756CB342CF77BBE00C03ED0 /* MainTabView.swift in Sources */,
				8756CB382CF77BF500C03ED0 /* ListingsView.swift in Sources */,
				8756CB422CF79FDB00C03ED0 /* AuthViewModel.swift in Sources */,
				8756CB322CF77B2100C03ED0 /* ProfileView.swift in Sources */,
				8756CB3C2CF77C1E00C03ED0 /* StarredView.swift in Sources */,
				87B56FD82CF65C6E00F4303E /* RSv1App.swift in Sources */,
			);
			runOnlyForDeploymentPostprocessing = 0;
		};
		87B56FE02CF65C6F00F4303E /* Sources */ = {
			isa = PBXSourcesBuildPhase;
			buildActionMask = 2147483647;
			files = (
				87B56FE92CF65C6F00F4303E /* RSv1Tests.swift in Sources */,
			);
			runOnlyForDeploymentPostprocessing = 0;
		};
		87B56FEA2CF65C6F00F4303E /* Sources */ = {
			isa = PBXSourcesBuildPhase;
			buildActionMask = 2147483647;
			files = (
				87B56FF52CF65C6F00F4303E /* RSv1UITestsLaunchTests.swift in Sources */,
				87B56FF32CF65C6F00F4303E /* RSv1UITests.swift in Sources */,
			);
			runOnlyForDeploymentPostprocessing = 0;
		};
/* End PBXSourcesBuildPhase section */

/* Begin PBXTargetDependency section */
		87B56FE62CF65C6F00F4303E /* PBXTargetDependency */ = {
			isa = PBXTargetDependency;
			target = 87B56FD32CF65C6E00F4303E /* RSv1 */;
			targetProxy = 87B56FE52CF65C6F00F4303E /* PBXContainerItemProxy */;
		};
		87B56FF02CF65C6F00F4303E /* PBXTargetDependency */ = {
			isa = PBXTargetDependency;
			target = 87B56FD32CF65C6E00F4303E /* RSv1 */;
			targetProxy = 87B56FEF2CF65C6F00F4303E /* PBXContainerItemProxy */;
		};
/* End PBXTargetDependency section */

/* Begin XCBuildConfiguration section */
		87B56FF62CF65C6F00F4303E /* Debug */ = {
			isa = XCBuildConfiguration;
			buildSettings = {
				ALWAYS_SEARCH_USER_PATHS = NO;
				ASSETCATALOG_COMPILER_GENERATE_SWIFT_ASSET_SYMBOL_EXTENSIONS = YES;
				CLANG_ANALYZER_NONNULL = YES;
				CLANG_ANALYZER_NUMBER_OBJECT_CONVERSION = YES_AGGRESSIVE;
				CLANG_CXX_LANGUAGE_STANDARD = "gnu++20";
				CLANG_ENABLE_MODULES = YES;
				CLANG_ENABLE_OBJC_ARC = YES;
				CLANG_ENABLE_OBJC_WEAK = YES;
				CLANG_WARN_BLOCK_CAPTURE_AUTORELEASING = YES;
				CLANG_WARN_BOOL_CONVERSION = YES;
				CLANG_WARN_COMMA = YES;
				CLANG_WARN_CONSTANT_CONVERSION = YES;
				CLANG_WARN_DEPRECATED_OBJC_IMPLEMENTATIONS = YES;
				CLANG_WARN_DIRECT_OBJC_ISA_USAGE = YES_ERROR;
				CLANG_WARN_DOCUMENTATION_COMMENTS = YES;
				CLANG_WARN_EMPTY_BODY = YES;
				CLANG_WARN_ENUM_CONVERSION = YES;
				CLANG_WARN_INFINITE_RECURSION = YES;
				CLANG_WARN_INT_CONVERSION = YES;
				CLANG_WARN_NON_LITERAL_NULL_CONVERSION = YES;
				CLANG_WARN_OBJC_IMPLICIT_RETAIN_SELF = YES;
				CLANG_WARN_OBJC_LITERAL_CONVERSION = YES;
				CLANG_WARN_OBJC_ROOT_CLASS = YES_ERROR;
				CLANG_WARN_QUOTED_INCLUDE_IN_FRAMEWORK_HEADER = YES;
				CLANG_WARN_RANGE_LOOP_ANALYSIS = YES;
				CLANG_WARN_STRICT_PROTOTYPES = YES;
				CLANG_WARN_SUSPICIOUS_MOVE = YES;
				CLANG_WARN_UNGUARDED_AVAILABILITY = YES_AGGRESSIVE;
				CLANG_WARN_UNREACHABLE_CODE = YES;
				CLANG_WARN__DUPLICATE_METHOD_MATCH = YES;
				COPY_PHASE_STRIP = NO;
				DEBUG_INFORMATION_FORMAT = dwarf;
				ENABLE_STRICT_OBJC_MSGSEND = YES;
				ENABLE_TESTABILITY = YES;
				ENABLE_USER_SCRIPT_SANDBOXING = YES;
				GCC_C_LANGUAGE_STANDARD = gnu17;
				GCC_DYNAMIC_NO_PIC = NO;
				GCC_NO_COMMON_BLOCKS = YES;
				GCC_OPTIMIZATION_LEVEL = 0;
				GCC_PREPROCESSOR_DEFINITIONS = (
					"DEBUG=1",
					"$(inherited)",
				);
				GCC_WARN_64_TO_32_BIT_CONVERSION = YES;
				GCC_WARN_ABOUT_RETURN_TYPE = YES_ERROR;
				GCC_WARN_UNDECLARED_SELECTOR = YES;
				GCC_WARN_UNINITIALIZED_AUTOS = YES_AGGRESSIVE;
				GCC_WARN_UNUSED_FUNCTION = YES;
				GCC_WARN_UNUSED_VARIABLE = YES;
				IPHONEOS_DEPLOYMENT_TARGET = 17.5;
				LOCALIZATION_PREFERS_STRING_CATALOGS = YES;
				MTL_ENABLE_DEBUG_INFO = INCLUDE_SOURCE;
				MTL_FAST_MATH = YES;
				ONLY_ACTIVE_ARCH = YES;
				SDKROOT = iphoneos;
				SWIFT_ACTIVE_COMPILATION_CONDITIONS = "DEBUG $(inherited)";
				SWIFT_OPTIMIZATION_LEVEL = "-Onone";
			};
			name = Debug;
		};
		87B56FF72CF65C6F00F4303E /* Release */ = {
			isa = XCBuildConfiguration;
			buildSettings = {
				ALWAYS_SEARCH_USER_PATHS = NO;
				ASSETCATALOG_COMPILER_GENERATE_SWIFT_ASSET_SYMBOL_EXTENSIONS = YES;
				CLANG_ANALYZER_NONNULL = YES;
				CLANG_ANALYZER_NUMBER_OBJECT_CONVERSION = YES_AGGRESSIVE;
				CLANG_CXX_LANGUAGE_STANDARD = "gnu++20";
				CLANG_ENABLE_MODULES = YES;
				CLANG_ENABLE_OBJC_ARC = YES;
				CLANG_ENABLE_OBJC_WEAK = YES;
				CLANG_WARN_BLOCK_CAPTURE_AUTORELEASING = YES;
				CLANG_WARN_BOOL_CONVERSION = YES;
				CLANG_WARN_COMMA = YES;
				CLANG_WARN_CONSTANT_CONVERSION = YES;
				CLANG_WARN_DEPRECATED_OBJC_IMPLEMENTATIONS = YES;
				CLANG_WARN_DIRECT_OBJC_ISA_USAGE = YES_ERROR;
				CLANG_WARN_DOCUMENTATION_COMMENTS = YES;
				CLANG_WARN_EMPTY_BODY = YES;
				CLANG_WARN_ENUM_CONVERSION = YES;
				CLANG_WARN_INFINITE_RECURSION = YES;
				CLANG_WARN_INT_CONVERSION = YES;
				CLANG_WARN_NON_LITERAL_NULL_CONVERSION = YES;
				CLANG_WARN_OBJC_IMPLICIT_RETAIN_SELF = YES;
				CLANG_WARN_OBJC_LITERAL_CONVERSION = YES;
				CLANG_WARN_OBJC_ROOT_CLASS = YES_ERROR;
				CLANG_WARN_QUOTED_INCLUDE_IN_FRAMEWORK_HEADER = YES;
				CLANG_WARN_RANGE_LOOP_ANALYSIS = YES;
				CLANG_WARN_STRICT_PROTOTYPES = YES;
				CLANG_WARN_SUSPICIOUS_MOVE = YES;
				CLANG_WARN_UNGUARDED_AVAILABILITY = YES_AGGRESSIVE;
				CLANG_WARN_UNREACHABLE_CODE = YES;
				CLANG_WARN__DUPLICATE_METHOD_MATCH = YES;
				COPY_PHASE_STRIP = NO;
				DEBUG_INFORMATION_FORMAT = "dwarf-with-dsym";
				ENABLE_NS_ASSERTIONS = NO;
				ENABLE_STRICT_OBJC_MSGSEND = YES;
				ENABLE_USER_SCRIPT_SANDBOXING = YES;
				GCC_C_LANGUAGE_STANDARD = gnu17;
				GCC_NO_COMMON_BLOCKS = YES;
				GCC_WARN_64_TO_32_BIT_CONVERSION = YES;
				GCC_WARN_ABOUT_RETURN_TYPE = YES_ERROR;
				GCC_WARN_UNDECLARED_SELECTOR = YES;
				GCC_WARN_UNINITIALIZED_AUTOS = YES_AGGRESSIVE;
				GCC_WARN_UNUSED_FUNCTION = YES;
				GCC_WARN_UNUSED_VARIABLE = YES;
				IPHONEOS_DEPLOYMENT_TARGET = 17.5;
				LOCALIZATION_PREFERS_STRING_CATALOGS = YES;
				MTL_ENABLE_DEBUG_INFO = NO;
				MTL_FAST_MATH = YES;
				SDKROOT = iphoneos;
				SWIFT_COMPILATION_MODE = wholemodule;
				VALIDATE_PRODUCT = YES;
			};
			name = Release;
		};
		87B56FF92CF65C6F00F4303E /* Debug */ = {
			isa = XCBuildConfiguration;
			buildSettings = {
				ASSETCATALOG_COMPILER_APPICON_NAME = AppIcon;
				ASSETCATALOG_COMPILER_GLOBAL_ACCENT_COLOR_NAME = AccentColor;
				CODE_SIGN_STYLE = Automatic;
				CURRENT_PROJECT_VERSION = 1;
				DEVELOPMENT_ASSET_PATHS = "\"RSv1/Preview Content\"";
				DEVELOPMENT_TEAM = MJ243DJGRV;
				ENABLE_PREVIEWS = YES;
				GENERATE_INFOPLIST_FILE = YES;
				INFOPLIST_KEY_UIApplicationSceneManifest_Generation = YES;
				INFOPLIST_KEY_UIApplicationSupportsIndirectInputEvents = YES;
				INFOPLIST_KEY_UILaunchScreen_Generation = YES;
				INFOPLIST_KEY_UISupportedInterfaceOrientations_iPad = "UIInterfaceOrientationPortrait UIInterfaceOrientationPortraitUpsideDown UIInterfaceOrientationLandscapeLeft UIInterfaceOrientationLandscapeRight";
				INFOPLIST_KEY_UISupportedInterfaceOrientations_iPhone = "UIInterfaceOrientationPortrait UIInterfaceOrientationLandscapeLeft UIInterfaceOrientationLandscapeRight";
				LD_RUNPATH_SEARCH_PATHS = (
					"$(inherited)",
					"@executable_path/Frameworks",
				);
				MARKETING_VERSION = 1.0;
				PRODUCT_BUNDLE_IDENTIFIER = com.nikunjthakur.RSv1;
				PRODUCT_NAME = "$(TARGET_NAME)";
				SWIFT_EMIT_LOC_STRINGS = YES;
				SWIFT_VERSION = 5.0;
				TARGETED_DEVICE_FAMILY = "1,2";
			};
			name = Debug;
		};
		87B56FFA2CF65C6F00F4303E /* Release */ = {
			isa = XCBuildConfiguration;
			buildSettings = {
				ASSETCATALOG_COMPILER_APPICON_NAME = AppIcon;
				ASSETCATALOG_COMPILER_GLOBAL_ACCENT_COLOR_NAME = AccentColor;
				CODE_SIGN_STYLE = Automatic;
				CURRENT_PROJECT_VERSION = 1;
				DEVELOPMENT_ASSET_PATHS = "\"RSv1/Preview Content\"";
				DEVELOPMENT_TEAM = MJ243DJGRV;
				ENABLE_PREVIEWS = YES;
				GENERATE_INFOPLIST_FILE = YES;
				INFOPLIST_KEY_UIApplicationSceneManifest_Generation = YES;
				INFOPLIST_KEY_UIApplicationSupportsIndirectInputEvents = YES;
				INFOPLIST_KEY_UILaunchScreen_Generation = YES;
				INFOPLIST_KEY_UISupportedInterfaceOrientations_iPad = "UIInterfaceOrientationPortrait UIInterfaceOrientationPortraitUpsideDown UIInterfaceOrientationLandscapeLeft UIInterfaceOrientationLandscapeRight";
				INFOPLIST_KEY_UISupportedInterfaceOrientations_iPhone = "UIInterfaceOrientationPortrait UIInterfaceOrientationLandscapeLeft UIInterfaceOrientationLandscapeRight";
				LD_RUNPATH_SEARCH_PATHS = (
					"$(inherited)",
					"@executable_path/Frameworks",
				);
				MARKETING_VERSION = 1.0;
				PRODUCT_BUNDLE_IDENTIFIER = com.nikunjthakur.RSv1;
				PRODUCT_NAME = "$(TARGET_NAME)";
				SWIFT_EMIT_LOC_STRINGS = YES;
				SWIFT_VERSION = 5.0;
				TARGETED_DEVICE_FAMILY = "1,2";
			};
			name = Release;
		};
		87B56FFC2CF65C6F00F4303E /* Debug */ = {
			isa = XCBuildConfiguration;
			buildSettings = {
				BUNDLE_LOADER = "$(TEST_HOST)";
				CODE_SIGN_STYLE = Automatic;
				CURRENT_PROJECT_VERSION = 1;
				DEVELOPMENT_TEAM = MJ243DJGRV;
				GENERATE_INFOPLIST_FILE = YES;
				IPHONEOS_DEPLOYMENT_TARGET = 17.5;
				MARKETING_VERSION = 1.0;
				PRODUCT_BUNDLE_IDENTIFIER = com.nikunjthakur.RSv1Tests;
				PRODUCT_NAME = "$(TARGET_NAME)";
				SWIFT_EMIT_LOC_STRINGS = NO;
				SWIFT_VERSION = 5.0;
				TARGETED_DEVICE_FAMILY = "1,2";
				TEST_HOST = "$(BUILT_PRODUCTS_DIR)/RSv1.app/$(BUNDLE_EXECUTABLE_FOLDER_PATH)/RSv1";
			};
			name = Debug;
		};
		87B56FFD2CF65C6F00F4303E /* Release */ = {
			isa = XCBuildConfiguration;
			buildSettings = {
				BUNDLE_LOADER = "$(TEST_HOST)";
				CODE_SIGN_STYLE = Automatic;
				CURRENT_PROJECT_VERSION = 1;
				DEVELOPMENT_TEAM = MJ243DJGRV;
				GENERATE_INFOPLIST_FILE = YES;
				IPHONEOS_DEPLOYMENT_TARGET = 17.5;
				MARKETING_VERSION = 1.0;
				PRODUCT_BUNDLE_IDENTIFIER = com.nikunjthakur.RSv1Tests;
				PRODUCT_NAME = "$(TARGET_NAME)";
				SWIFT_EMIT_LOC_STRINGS = NO;
				SWIFT_VERSION = 5.0;
				TARGETED_DEVICE_FAMILY = "1,2";
				TEST_HOST = "$(BUILT_PRODUCTS_DIR)/RSv1.app/$(BUNDLE_EXECUTABLE_FOLDER_PATH)/RSv1";
			};
			name = Release;
		};
		87B56FFF2CF65C6F00F4303E /* Debug */ = {
			isa = XCBuildConfiguration;
			buildSettings = {
				CODE_SIGN_STYLE = Automatic;
				CURRENT_PROJECT_VERSION = 1;
				DEVELOPMENT_TEAM = MJ243DJGRV;
				GENERATE_INFOPLIST_FILE = YES;
				MARKETING_VERSION = 1.0;
				PRODUCT_BUNDLE_IDENTIFIER = com.nikunjthakur.RSv1UITests;
				PRODUCT_NAME = "$(TARGET_NAME)";
				SWIFT_EMIT_LOC_STRINGS = NO;
				SWIFT_VERSION = 5.0;
				TARGETED_DEVICE_FAMILY = "1,2";
				TEST_TARGET_NAME = RSv1;
			};
			name = Debug;
		};
		87B570002CF65C6F00F4303E /* Release */ = {
			isa = XCBuildConfiguration;
			buildSettings = {
				CODE_SIGN_STYLE = Automatic;
				CURRENT_PROJECT_VERSION = 1;
				DEVELOPMENT_TEAM = MJ243DJGRV;
				GENERATE_INFOPLIST_FILE = YES;
				MARKETING_VERSION = 1.0;
				PRODUCT_BUNDLE_IDENTIFIER = com.nikunjthakur.RSv1UITests;
				PRODUCT_NAME = "$(TARGET_NAME)";
				SWIFT_EMIT_LOC_STRINGS = NO;
				SWIFT_VERSION = 5.0;
				TARGETED_DEVICE_FAMILY = "1,2";
				TEST_TARGET_NAME = RSv1;
			};
			name = Release;
		};
/* End XCBuildConfiguration section */

/* Begin XCConfigurationList section */
		87B56FCF2CF65C6E00F4303E /* Build configuration list for PBXProject "RSv1" */ = {
			isa = XCConfigurationList;
			buildConfigurations = (
				87B56FF62CF65C6F00F4303E /* Debug */,
				87B56FF72CF65C6F00F4303E /* Release */,
			);
			defaultConfigurationIsVisible = 0;
			defaultConfigurationName = Release;
		};
		87B56FF82CF65C6F00F4303E /* Build configuration list for PBXNativeTarget "RSv1" */ = {
			isa = XCConfigurationList;
			buildConfigurations = (
				87B56FF92CF65C6F00F4303E /* Debug */,
				87B56FFA2CF65C6F00F4303E /* Release */,
			);
			defaultConfigurationIsVisible = 0;
			defaultConfigurationName = Release;
		};
		87B56FFB2CF65C6F00F4303E /* Build configuration list for PBXNativeTarget "RSv1Tests" */ = {
			isa = XCConfigurationList;
			buildConfigurations = (
				87B56FFC2CF65C6F00F4303E /* Debug */,
				87B56FFD2CF65C6F00F4303E /* Release */,
			);
			defaultConfigurationIsVisible = 0;
			defaultConfigurationName = Release;
		};
		87B56FFE2CF65C6F00F4303E /* Build configuration list for PBXNativeTarget "RSv1UITests" */ = {
			isa = XCConfigurationList;
			buildConfigurations = (
				87B56FFF2CF65C6F00F4303E /* Debug */,
				87B570002CF65C6F00F4303E /* Release */,
			);
			defaultConfigurationIsVisible = 0;
			defaultConfigurationName = Release;
		};
/* End XCConfigurationList section */

/* Begin XCRemoteSwiftPackageReference section */
		87B570012CF66BFC00F4303E /* XCRemoteSwiftPackageReference "firebase-ios-sdk" */ = {
			isa = XCRemoteSwiftPackageReference;
			repositoryURL = "https://github.com/firebase/firebase-ios-sdk";
			requirement = {
				kind = upToNextMajorVersion;
				minimumVersion = 11.5.0;
			};
		};
/* End XCRemoteSwiftPackageReference section */

/* Begin XCSwiftPackageProductDependency section */
		87B570022CF66BFC00F4303E /* FirebaseAnalytics */ = {
			isa = XCSwiftPackageProductDependency;
			package = 87B570012CF66BFC00F4303E /* XCRemoteSwiftPackageReference "firebase-ios-sdk" */;
			productName = FirebaseAnalytics;
		};
		87B570042CF66BFC00F4303E /* FirebaseAuth */ = {
			isa = XCSwiftPackageProductDependency;
			package = 87B570012CF66BFC00F4303E /* XCRemoteSwiftPackageReference "firebase-ios-sdk" */;
			productName = FirebaseAuth;
		};
		87B570062CF66BFC00F4303E /* FirebaseCrashlytics */ = {
			isa = XCSwiftPackageProductDependency;
			package = 87B570012CF66BFC00F4303E /* XCRemoteSwiftPackageReference "firebase-ios-sdk" */;
			productName = FirebaseCrashlytics;
		};
		87B570082CF66BFC00F4303E /* FirebaseDatabase */ = {
			isa = XCSwiftPackageProductDependency;
			package = 87B570012CF66BFC00F4303E /* XCRemoteSwiftPackageReference "firebase-ios-sdk" */;
			productName = FirebaseDatabase;
		};
		87B5700A2CF66BFC00F4303E /* FirebaseFirestore */ = {
			isa = XCSwiftPackageProductDependency;
			package = 87B570012CF66BFC00F4303E /* XCRemoteSwiftPackageReference "firebase-ios-sdk" */;
			productName = FirebaseFirestore;
		};
		87B5700C2CF66BFC00F4303E /* FirebaseInAppMessaging-Beta */ = {
			isa = XCSwiftPackageProductDependency;
			package = 87B570012CF66BFC00F4303E /* XCRemoteSwiftPackageReference "firebase-ios-sdk" */;
			productName = "FirebaseInAppMessaging-Beta";
		};
		87B5700E2CF66BFC00F4303E /* FirebaseMessaging */ = {
			isa = XCSwiftPackageProductDependency;
			package = 87B570012CF66BFC00F4303E /* XCRemoteSwiftPackageReference "firebase-ios-sdk" */;
			productName = FirebaseMessaging;
		};
		87B570102CF66BFC00F4303E /* FirebaseStorage */ = {
			isa = XCSwiftPackageProductDependency;
			package = 87B570012CF66BFC00F4303E /* XCRemoteSwiftPackageReference "firebase-ios-sdk" */;
			productName = FirebaseStorage;
		};
/* End XCSwiftPackageProductDependency section */
	};
	rootObject = 87B56FCC2CF65C6E00F4303E /* Project object */;
}
